
Microsoft Visual Studio Solution File, Format Version 12.00
Project("{2150E333-8FDC-42A3-9474-1A3956D46DE8}") = "src", "src", "{19EE1EE9-E984-4FB1-BE85-9F5E313971AB}"
EndProject
Project("{2150E333-8FDC-42A3-9474-1A3956D46DE8}") = "tests", "tests", "{2EE03648-AF6B-48B4-B319-C95CD899A7DD}"
EndProject
Project("{FAE04EC0-301F-11D3-BF4B-00C04F79EFBC}") = "Infrastructure", "Infrastructure\Infrastructure.csproj", "{90ACB370-B5DD-4A88-AD83-DA18416417E2}"
EndProject
Project("{FAE04EC0-301F-11D3-BF4B-00C04F79EFBC}") = "Application", "Application\Application.csproj", "{B996FB3F-99D4-433E-8510-DF90B7DEA237}"
EndProject
Project("{FAE04EC0-301F-11D3-BF4B-00C04F79EFBC}") = "WebMVC", "WebMVC\WebMVC.csproj", "{EB06B6ED-A51A-455A-A263-EF3F04891A54}"
EndProject
Project("{FAE04EC0-301F-11D3-BF4B-00C04F79EFBC}") = "Domain", "Domain\Domain.csproj", "{C7B11E30-88FD-4320-9969-844D2841301E}"
EndProject
Project("{FAE04EC0-301F-11D3-BF4B-00C04F79EFBC}") = "Tests.Common", "Tests.Common\Tests.Common.csproj", "{D0949846-9E3B-4CD4-AE69-32343281549E}"
EndProject
Project("{FAE04EC0-301F-11D3-BF4B-00C04F79EFBC}") = "Application.Tests", "Application.Tests\Application.Tests.csproj", "{B0A121E5-1D6D-4EEC-BA78-C07960173AB3}"
EndProject
Project("{FAE04EC0-301F-11D3-BF4B-00C04F79EFBC}") = "Infrastructure.Tests", "Infrastructure.Tests\Infrastructure.Tests.csproj", "{CB9362A3-33AB-4C54-9D67-06DCA5CEC9B2}"
EndProject
Global
	GlobalSection(SolutionConfigurationPlatforms) = preSolution
		Debug|Any CPU = Debug|Any CPU
		Release|Any CPU = Release|Any CPU
	EndGlobalSection
	GlobalSection(NestedProjects) = preSolution
		{90ACB370-B5DD-4A88-AD83-DA18416417E2} = {19EE1EE9-E984-4FB1-BE85-9F5E313971AB}
		{B996FB3F-99D4-433E-8510-DF90B7DEA237} = {19EE1EE9-E984-4FB1-BE85-9F5E313971AB}
		{EB06B6ED-A51A-455A-A263-EF3F04891A54} = {19EE1EE9-E984-4FB1-BE85-9F5E313971AB}
		{C7B11E30-88FD-4320-9969-844D2841301E} = {19EE1EE9-E984-4FB1-BE85-9F5E313971AB}
		{D0949846-9E3B-4CD4-AE69-32343281549E} = {2EE03648-AF6B-48B4-B319-C95CD899A7DD}
		{B0A121E5-1D6D-4EEC-BA78-C07960173AB3} = {2EE03648-AF6B-48B4-B319-C95CD899A7DD}
		{CB9362A3-33AB-4C54-9D67-06DCA5CEC9B2} = {2EE03648-AF6B-48B4-B319-C95CD899A7DD}
	EndGlobalSection
	GlobalSection(ProjectConfigurationPlatforms) = postSolution
		{90ACB370-B5DD-4A88-AD83-DA18416417E2}.Debug|Any CPU.ActiveCfg = Debug|Any CPU
		{90ACB370-B5DD-4A88-AD83-DA18416417E2}.Debug|Any CPU.Build.0 = Debug|Any CPU
		{90ACB370-B5DD-4A88-AD83-DA18416417E2}.Release|Any CPU.ActiveCfg = Release|Any CPU
		{90ACB370-B5DD-4A88-AD83-DA18416417E2}.Release|Any CPU.Build.0 = Release|Any CPU
		{B996FB3F-99D4-433E-8510-DF90B7DEA237}.Debug|Any CPU.ActiveCfg = Debug|Any CPU
		{B996FB3F-99D4-433E-8510-DF90B7DEA237}.Debug|Any CPU.Build.0 = Debug|Any CPU
		{B996FB3F-99D4-433E-8510-DF90B7DEA237}.Release|Any CPU.ActiveCfg = Release|Any CPU
		{B996FB3F-99D4-433E-8510-DF90B7DEA237}.Release|Any CPU.Build.0 = Release|Any CPU
		{EB06B6ED-A51A-455A-A263-EF3F04891A54}.Debug|Any CPU.ActiveCfg = Debug|Any CPU
		{EB06B6ED-A51A-455A-A263-EF3F04891A54}.Debug|Any CPU.Build.0 = Debug|Any CPU
		{EB06B6ED-A51A-455A-A263-EF3F04891A54}.Release|Any CPU.ActiveCfg = Release|Any CPU
		{EB06B6ED-A51A-455A-A263-EF3F04891A54}.Release|Any CPU.Build.0 = Release|Any CPU
		{C7B11E30-88FD-4320-9969-844D2841301E}.Debug|Any CPU.ActiveCfg = Debug|Any CPU
		{C7B11E30-88FD-4320-9969-844D2841301E}.Debug|Any CPU.Build.0 = Debug|Any CPU
		{C7B11E30-88FD-4320-9969-844D2841301E}.Release|Any CPU.ActiveCfg = Release|Any CPU
		{C7B11E30-88FD-4320-9969-844D2841301E}.Release|Any CPU.Build.0 = Release|Any CPU
		{D0949846-9E3B-4CD4-AE69-32343281549E}.Debug|Any CPU.ActiveCfg = Debug|Any CPU
		{D0949846-9E3B-4CD4-AE69-32343281549E}.Debug|Any CPU.Build.0 = Debug|Any CPU
		{D0949846-9E3B-4CD4-AE69-32343281549E}.Release|Any CPU.ActiveCfg = Release|Any CPU
		{D0949846-9E3B-4CD4-AE69-32343281549E}.Release|Any CPU.Build.0 = Release|Any CPU
		{B0A121E5-1D6D-4EEC-BA78-C07960173AB3}.Debug|Any CPU.ActiveCfg = Debug|Any CPU
		{B0A121E5-1D6D-4EEC-BA78-C07960173AB3}.Debug|Any CPU.Build.0 = Debug|Any CPU
		{B0A121E5-1D6D-4EEC-BA78-C07960173AB3}.Release|Any CPU.ActiveCfg = Release|Any CPU
		{B0A121E5-1D6D-4EEC-BA78-C07960173AB3}.Release|Any CPU.Build.0 = Release|Any CPU
		{CB9362A3-33AB-4C54-9D67-06DCA5CEC9B2}.Debug|Any CPU.ActiveCfg = Debug|Any CPU
		{CB9362A3-33AB-4C54-9D67-06DCA5CEC9B2}.Debug|Any CPU.Build.0 = Debug|Any CPU
		{CB9362A3-33AB-4C54-9D67-06DCA5CEC9B2}.Release|Any CPU.ActiveCfg = Release|Any CPU
		{CB9362A3-33AB-4C54-9D67-06DCA5CEC9B2}.Release|Any CPU.Build.0 = Release|Any CPU
	EndGlobalSection
EndGlobal
