
Microsoft Visual Studio Solution File, Format Version 12.00
Project("{2150E333-8FDC-42A3-9474-1A3956D46DE8}") = "src", "src", "{19EE1EE9-E984-4FB1-BE85-9F5E313971AB}"
EndProject
Project("{2150E333-8FDC-42A3-9474-1A3956D46DE8}") = "tests", "tests", "{2EE03648-AF6B-48B4-B319-C95CD899A7DD}"
EndProject
Project("{FAE04EC0-301F-11D3-BF4B-00C04F79EFBC}") = "eStore.Domain", "eStore.Domain\eStore.Domain.csproj", "{1724A6B6-2CD3-4017-BEBD-C77CF81AB6A9}"
EndProject
Project("{FAE04EC0-301F-11D3-BF4B-00C04F79EFBC}") = "eStore.Infrastructure", "eStore.Infrastructure\eStore.Infrastructure.csproj", "{90ACB370-B5DD-4A88-AD83-DA18416417E2}"
EndProject
Project("{FAE04EC0-301F-11D3-BF4B-00C04F79EFBC}") = "eStore.Application", "eStore.Application\eStore.Application.csproj", "{B996FB3F-99D4-433E-8510-DF90B7DEA237}"
EndProject
Project("{FAE04EC0-301F-11D3-BF4B-00C04F79EFBC}") = "eStore.WebMVC", "eStore.WebMVC\eStore.WebMVC.csproj", "{EB06B6ED-A51A-455A-A263-EF3F04891A54}"
EndProject
Project("{FAE04EC0-301F-11D3-BF4B-00C04F79EFBC}") = "eStore.UnitTests", "eStore.UnitTests\eStore.UnitTests.csproj", "{E594E51C-C2E4-4DDE-B8E0-2B7ACDCCE20F}"
EndProject
Global
	GlobalSection(SolutionConfigurationPlatforms) = preSolution
		Debug|Any CPU = Debug|Any CPU
		Release|Any CPU = Release|Any CPU
	EndGlobalSection
	GlobalSection(NestedProjects) = preSolution
		{1724A6B6-2CD3-4017-BEBD-C77CF81AB6A9} = {19EE1EE9-E984-4FB1-BE85-9F5E313971AB}
		{90ACB370-B5DD-4A88-AD83-DA18416417E2} = {19EE1EE9-E984-4FB1-BE85-9F5E313971AB}
		{B996FB3F-99D4-433E-8510-DF90B7DEA237} = {19EE1EE9-E984-4FB1-BE85-9F5E313971AB}
		{EB06B6ED-A51A-455A-A263-EF3F04891A54} = {19EE1EE9-E984-4FB1-BE85-9F5E313971AB}
		{E594E51C-C2E4-4DDE-B8E0-2B7ACDCCE20F} = {2EE03648-AF6B-48B4-B319-C95CD899A7DD}
	EndGlobalSection
	GlobalSection(ProjectConfigurationPlatforms) = postSolution
		{1724A6B6-2CD3-4017-BEBD-C77CF81AB6A9}.Debug|Any CPU.ActiveCfg = Debug|Any CPU
		{1724A6B6-2CD3-4017-BEBD-C77CF81AB6A9}.Debug|Any CPU.Build.0 = Debug|Any CPU
		{1724A6B6-2CD3-4017-BEBD-C77CF81AB6A9}.Release|Any CPU.ActiveCfg = Release|Any CPU
		{1724A6B6-2CD3-4017-BEBD-C77CF81AB6A9}.Release|Any CPU.Build.0 = Release|Any CPU
		{90ACB370-B5DD-4A88-AD83-DA18416417E2}.Debug|Any CPU.ActiveCfg = Debug|Any CPU
		{90ACB370-B5DD-4A88-AD83-DA18416417E2}.Debug|Any CPU.Build.0 = Debug|Any CPU
		{90ACB370-B5DD-4A88-AD83-DA18416417E2}.Release|Any CPU.ActiveCfg = Release|Any CPU
		{90ACB370-B5DD-4A88-AD83-DA18416417E2}.Release|Any CPU.Build.0 = Release|Any CPU
		{B996FB3F-99D4-433E-8510-DF90B7DEA237}.Debug|Any CPU.ActiveCfg = Debug|Any CPU
		{B996FB3F-99D4-433E-8510-DF90B7DEA237}.Debug|Any CPU.Build.0 = Debug|Any CPU
		{B996FB3F-99D4-433E-8510-DF90B7DEA237}.Release|Any CPU.ActiveCfg = Release|Any CPU
		{B996FB3F-99D4-433E-8510-DF90B7DEA237}.Release|Any CPU.Build.0 = Release|Any CPU
		{EB06B6ED-A51A-455A-A263-EF3F04891A54}.Debug|Any CPU.ActiveCfg = Debug|Any CPU
		{EB06B6ED-A51A-455A-A263-EF3F04891A54}.Debug|Any CPU.Build.0 = Debug|Any CPU
		{EB06B6ED-A51A-455A-A263-EF3F04891A54}.Release|Any CPU.ActiveCfg = Release|Any CPU
		{EB06B6ED-A51A-455A-A263-EF3F04891A54}.Release|Any CPU.Build.0 = Release|Any CPU
		{E594E51C-C2E4-4DDE-B8E0-2B7ACDCCE20F}.Debug|Any CPU.ActiveCfg = Debug|Any CPU
		{E594E51C-C2E4-4DDE-B8E0-2B7ACDCCE20F}.Debug|Any CPU.Build.0 = Debug|Any CPU
		{E594E51C-C2E4-4DDE-B8E0-2B7ACDCCE20F}.Release|Any CPU.ActiveCfg = Release|Any CPU
		{E594E51C-C2E4-4DDE-B8E0-2B7ACDCCE20F}.Release|Any CPU.Build.0 = Release|Any CPU
	EndGlobalSection
EndGlobal
