
Microsoft Visual Studio Solution File, Format Version 12.00
Project("{2150E333-8FDC-42A3-9474-1A3956D46DE8}") = "src", "src", "{19EE1EE9-E984-4FB1-BE85-9F5E313971AB}"
EndProject
Project("{2150E333-8FDC-42A3-9474-1A3956D46DE8}") = "tests", "tests", "{2EE03648-AF6B-48B4-B319-C95CD899A7DD}"
EndProject
Project("{FAE04EC0-301F-11D3-BF4B-00C04F79EFBC}") = "eStore.Infrastructure", "eStore.Infrastructure\eStore.Infrastructure.csproj", "{90ACB370-B5DD-4A88-AD83-DA18416417E2}"
EndProject
Project("{FAE04EC0-301F-11D3-BF4B-00C04F79EFBC}") = "eStore.ApplicationCore", "eStore.ApplicationCore\eStore.ApplicationCore.csproj", "{B996FB3F-99D4-433E-8510-DF90B7DEA237}"
EndProject
Project("{FAE04EC0-301F-11D3-BF4B-00C04F79EFBC}") = "eStore.WebMVC", "eStore.WebMVC\eStore.WebMVC.csproj", "{EB06B6ED-A51A-455A-A263-EF3F04891A54}"
EndProject
Project("{FAE04EC0-301F-11D3-BF4B-00C04F79EFBC}") = "eStore.UnitTests", "eStore.UnitTests\eStore.UnitTests.csproj", "{E594E51C-C2E4-4DDE-B8E0-2B7ACDCCE20F}"
EndProject
Project("{FAE04EC0-301F-11D3-BF4B-00C04F79EFBC}") = "eStore.Email", "eStore.Email\eStore.Email.csproj", "{D7E4D53A-682B-49CF-B2C5-6562745B80DD}"
EndProject
Project("{FAE04EC0-301F-11D3-BF4B-00C04F79EFBC}") = "eStore.Invoice", "eStore.Invoice\eStore.Invoice.csproj", "{F138DB12-ACF4-45B3-9D90-C2246B9B647C}"
EndProject
Global
	GlobalSection(SolutionConfigurationPlatforms) = preSolution
		Debug|Any CPU = Debug|Any CPU
		Release|Any CPU = Release|Any CPU
	EndGlobalSection
	GlobalSection(NestedProjects) = preSolution
		{90ACB370-B5DD-4A88-AD83-DA18416417E2} = {19EE1EE9-E984-4FB1-BE85-9F5E313971AB}
		{B996FB3F-99D4-433E-8510-DF90B7DEA237} = {19EE1EE9-E984-4FB1-BE85-9F5E313971AB}
		{EB06B6ED-A51A-455A-A263-EF3F04891A54} = {19EE1EE9-E984-4FB1-BE85-9F5E313971AB}
		{E594E51C-C2E4-4DDE-B8E0-2B7ACDCCE20F} = {2EE03648-AF6B-48B4-B319-C95CD899A7DD}
		{D7E4D53A-682B-49CF-B2C5-6562745B80DD} = {19EE1EE9-E984-4FB1-BE85-9F5E313971AB}
		{F138DB12-ACF4-45B3-9D90-C2246B9B647C} = {19EE1EE9-E984-4FB1-BE85-9F5E313971AB}
	EndGlobalSection
	GlobalSection(ProjectConfigurationPlatforms) = postSolution
		{90ACB370-B5DD-4A88-AD83-DA18416417E2}.Debug|Any CPU.ActiveCfg = Debug|Any CPU
		{90ACB370-B5DD-4A88-AD83-DA18416417E2}.Debug|Any CPU.Build.0 = Debug|Any CPU
		{90ACB370-B5DD-4A88-AD83-DA18416417E2}.Release|Any CPU.ActiveCfg = Release|Any CPU
		{90ACB370-B5DD-4A88-AD83-DA18416417E2}.Release|Any CPU.Build.0 = Release|Any CPU
		{B996FB3F-99D4-433E-8510-DF90B7DEA237}.Debug|Any CPU.ActiveCfg = Debug|Any CPU
		{B996FB3F-99D4-433E-8510-DF90B7DEA237}.Debug|Any CPU.Build.0 = Debug|Any CPU
		{B996FB3F-99D4-433E-8510-DF90B7DEA237}.Release|Any CPU.ActiveCfg = Release|Any CPU
		{B996FB3F-99D4-433E-8510-DF90B7DEA237}.Release|Any CPU.Build.0 = Release|Any CPU
		{EB06B6ED-A51A-455A-A263-EF3F04891A54}.Debug|Any CPU.ActiveCfg = Debug|Any CPU
		{EB06B6ED-A51A-455A-A263-EF3F04891A54}.Debug|Any CPU.Build.0 = Debug|Any CPU
		{EB06B6ED-A51A-455A-A263-EF3F04891A54}.Release|Any CPU.ActiveCfg = Release|Any CPU
		{EB06B6ED-A51A-455A-A263-EF3F04891A54}.Release|Any CPU.Build.0 = Release|Any CPU
		{E594E51C-C2E4-4DDE-B8E0-2B7ACDCCE20F}.Debug|Any CPU.ActiveCfg = Debug|Any CPU
		{E594E51C-C2E4-4DDE-B8E0-2B7ACDCCE20F}.Debug|Any CPU.Build.0 = Debug|Any CPU
		{E594E51C-C2E4-4DDE-B8E0-2B7ACDCCE20F}.Release|Any CPU.ActiveCfg = Release|Any CPU
		{E594E51C-C2E4-4DDE-B8E0-2B7ACDCCE20F}.Release|Any CPU.Build.0 = Release|Any CPU
		{D7E4D53A-682B-49CF-B2C5-6562745B80DD}.Debug|Any CPU.ActiveCfg = Debug|Any CPU
		{D7E4D53A-682B-49CF-B2C5-6562745B80DD}.Debug|Any CPU.Build.0 = Debug|Any CPU
		{D7E4D53A-682B-49CF-B2C5-6562745B80DD}.Release|Any CPU.ActiveCfg = Release|Any CPU
		{D7E4D53A-682B-49CF-B2C5-6562745B80DD}.Release|Any CPU.Build.0 = Release|Any CPU
		{F138DB12-ACF4-45B3-9D90-C2246B9B647C}.Debug|Any CPU.ActiveCfg = Debug|Any CPU
		{F138DB12-ACF4-45B3-9D90-C2246B9B647C}.Debug|Any CPU.Build.0 = Debug|Any CPU
		{F138DB12-ACF4-45B3-9D90-C2246B9B647C}.Release|Any CPU.ActiveCfg = Release|Any CPU
		{F138DB12-ACF4-45B3-9D90-C2246B9B647C}.Release|Any CPU.Build.0 = Release|Any CPU
	EndGlobalSection
EndGlobal
